
Microsoft Visual Studio Solution File, Format Version 12.00
# Visual Studio 2012
Project("{FAE04EC0-301F-11D3-BF4B-00C04F79EFBC}") = "XamarinFilesTest", "XamarinFilesTest\XamarinFilesTest.csproj", "{AF3617C0-FC92-4D70-B019-D46991848358}"
EndProject
Project("{FAE04EC0-301F-11D3-BF4B-00C04F79EFBC}") = "XamarinFilesTest.iOS", "iOS\XamarinFilesTest.iOS.csproj", "{F0EFFA67-377B-4820-B737-957C8F0AAA24}"
EndProject
Project("{FAE04EC0-301F-11D3-BF4B-00C04F79EFBC}") = "XamarinFilesTest.Droid", "Droid\XamarinFilesTest.Droid.csproj", "{D76FF403-1E63-490F-923E-C9C4626C34E3}"
EndProject
Global
	GlobalSection(SolutionConfigurationPlatforms) = preSolution
		Debug|Any CPU = Debug|Any CPU
		Release|Any CPU = Release|Any CPU
		Debug|iPhoneSimulator = Debug|iPhoneSimulator
		Release|iPhone = Release|iPhone
		Release|iPhoneSimulator = Release|iPhoneSimulator
		Debug|iPhone = Debug|iPhone
	EndGlobalSection
	GlobalSection(ProjectConfigurationPlatforms) = postSolution
		{AF3617C0-FC92-4D70-B019-D46991848358}.Debug|Any CPU.ActiveCfg = Debug|Any CPU
		{AF3617C0-FC92-4D70-B019-D46991848358}.Debug|Any CPU.Build.0 = Debug|Any CPU
		{AF3617C0-FC92-4D70-B019-D46991848358}.Release|Any CPU.ActiveCfg = Release|Any CPU
		{AF3617C0-FC92-4D70-B019-D46991848358}.Release|Any CPU.Build.0 = Release|Any CPU
		{AF3617C0-FC92-4D70-B019-D46991848358}.Debug|iPhoneSimulator.ActiveCfg = Debug|Any CPU
		{AF3617C0-FC92-4D70-B019-D46991848358}.Debug|iPhoneSimulator.Build.0 = Debug|Any CPU
		{AF3617C0-FC92-4D70-B019-D46991848358}.Release|iPhone.ActiveCfg = Release|Any CPU
		{AF3617C0-FC92-4D70-B019-D46991848358}.Release|iPhone.Build.0 = Release|Any CPU
		{AF3617C0-FC92-4D70-B019-D46991848358}.Release|iPhoneSimulator.ActiveCfg = Release|Any CPU
		{AF3617C0-FC92-4D70-B019-D46991848358}.Release|iPhoneSimulator.Build.0 = Release|Any CPU
		{AF3617C0-FC92-4D70-B019-D46991848358}.Debug|iPhone.ActiveCfg = Debug|Any CPU
		{AF3617C0-FC92-4D70-B019-D46991848358}.Debug|iPhone.Build.0 = Debug|Any CPU
		{F0EFFA67-377B-4820-B737-957C8F0AAA24}.Debug|Any CPU.ActiveCfg = Debug|iPhoneSimulator
		{F0EFFA67-377B-4820-B737-957C8F0AAA24}.Debug|Any CPU.Build.0 = Debug|iPhoneSimulator
		{F0EFFA67-377B-4820-B737-957C8F0AAA24}.Release|Any CPU.ActiveCfg = Release|iPhone
		{F0EFFA67-377B-4820-B737-957C8F0AAA24}.Release|Any CPU.Build.0 = Release|iPhone
		{F0EFFA67-377B-4820-B737-957C8F0AAA24}.Debug|iPhoneSimulator.ActiveCfg = Debug|iPhoneSimulator
		{F0EFFA67-377B-4820-B737-957C8F0AAA24}.Debug|iPhoneSimulator.Build.0 = Debug|iPhoneSimulator
		{F0EFFA67-377B-4820-B737-957C8F0AAA24}.Release|iPhone.ActiveCfg = Release|iPhone
		{F0EFFA67-377B-4820-B737-957C8F0AAA24}.Release|iPhone.Build.0 = Release|iPhone
		{F0EFFA67-377B-4820-B737-957C8F0AAA24}.Release|iPhoneSimulator.ActiveCfg = Release|iPhoneSimulator
		{F0EFFA67-377B-4820-B737-957C8F0AAA24}.Release|iPhoneSimulator.Build.0 = Release|iPhoneSimulator
		{F0EFFA67-377B-4820-B737-957C8F0AAA24}.Debug|iPhone.ActiveCfg = Debug|iPhone
		{F0EFFA67-377B-4820-B737-957C8F0AAA24}.Debug|iPhone.Build.0 = Debug|iPhone
		{D76FF403-1E63-490F-923E-C9C4626C34E3}.Debug|Any CPU.ActiveCfg = Debug|Any CPU
		{D76FF403-1E63-490F-923E-C9C4626C34E3}.Debug|Any CPU.Build.0 = Debug|Any CPU
		{D76FF403-1E63-490F-923E-C9C4626C34E3}.Release|Any CPU.ActiveCfg = Release|Any CPU
		{D76FF403-1E63-490F-923E-C9C4626C34E3}.Release|Any CPU.Build.0 = Release|Any CPU
		{D76FF403-1E63-490F-923E-C9C4626C34E3}.Debug|iPhoneSimulator.ActiveCfg = Debug|Any CPU
		{D76FF403-1E63-490F-923E-C9C4626C34E3}.Debug|iPhoneSimulator.Build.0 = Debug|Any CPU
		{D76FF403-1E63-490F-923E-C9C4626C34E3}.Release|iPhone.ActiveCfg = Release|Any CPU
		{D76FF403-1E63-490F-923E-C9C4626C34E3}.Release|iPhone.Build.0 = Release|Any CPU
		{D76FF403-1E63-490F-923E-C9C4626C34E3}.Release|iPhoneSimulator.ActiveCfg = Release|Any CPU
		{D76FF403-1E63-490F-923E-C9C4626C34E3}.Release|iPhoneSimulator.Build.0 = Release|Any CPU
		{D76FF403-1E63-490F-923E-C9C4626C34E3}.Debug|iPhone.ActiveCfg = Debug|Any CPU
		{D76FF403-1E63-490F-923E-C9C4626C34E3}.Debug|iPhone.Build.0 = Debug|Any CPU
	EndGlobalSection
EndGlobal
